// !$*UTF8*$!
{
	archiveVersion = 1;
	classes = {
	};
	objectVersion = 56;
	objects = {

/* Begin PBXBuildFile section */
		B6EFA2182B95E806002DAB24 /* AppDelegate.swift in Sources */ = {isa = PBXBuildFile; fileRef = B6EFA2172B95E806002DAB24 /* AppDelegate.swift */; };
		B6EFA21A2B95E806002DAB24 /* SceneDelegate.swift in Sources */ = {isa = PBXBuildFile; fileRef = B6EFA2192B95E806002DAB24 /* SceneDelegate.swift */; };
		B6EFA21C2B95E806002DAB24 /* SearchViewController.swift in Sources */ = {isa = PBXBuildFile; fileRef = B6EFA21B2B95E806002DAB24 /* SearchViewController.swift */; };
		B6EFA2212B95E809002DAB24 /* Assets.xcassets in Resources */ = {isa = PBXBuildFile; fileRef = B6EFA2202B95E809002DAB24 /* Assets.xcassets */; };
		B6EFA2242B95E809002DAB24 /* LaunchScreen.storyboard in Resources */ = {isa = PBXBuildFile; fileRef = B6EFA2222B95E809002DAB24 /* LaunchScreen.storyboard */; };
		B6EFA22D2B95E8FD002DAB24 /* SnapKit in Frameworks */ = {isa = PBXBuildFile; productRef = B6EFA22C2B95E8FD002DAB24 /* SnapKit */; };
		B6EFA22F2B95EAA2002DAB24 /* NetworkManager.swift in Sources */ = {isa = PBXBuildFile; fileRef = B6EFA22E2B95EAA2002DAB24 /* NetworkManager.swift */; };
		B6EFA2312B974478002DAB24 /* Quote.swift in Sources */ = {isa = PBXBuildFile; fileRef = B6EFA2302B974478002DAB24 /* Quote.swift */; };
		B6EFA2382B975E5F002DAB24 /* ResultViewController.swift in Sources */ = {isa = PBXBuildFile; fileRef = B6EFA2372B975E5F002DAB24 /* ResultViewController.swift */; };
/* End PBXBuildFile section */

/* Begin PBXFileReference section */
		B6EFA2142B95E806002DAB24 /* FindYourQuote.app */ = {isa = PBXFileReference; explicitFileType = wrapper.application; includeInIndex = 0; path = FindYourQuote.app; sourceTree = BUILT_PRODUCTS_DIR; };
		B6EFA2172B95E806002DAB24 /* AppDelegate.swift */ = {isa = PBXFileReference; lastKnownFileType = sourcecode.swift; path = AppDelegate.swift; sourceTree = "<group>"; };
		B6EFA2192B95E806002DAB24 /* SceneDelegate.swift */ = {isa = PBXFileReference; lastKnownFileType = sourcecode.swift; path = SceneDelegate.swift; sourceTree = "<group>"; };
		B6EFA21B2B95E806002DAB24 /* SearchViewController.swift */ = {isa = PBXFileReference; lastKnownFileType = sourcecode.swift; path = SearchViewController.swift; sourceTree = "<group>"; };
		B6EFA2202B95E809002DAB24 /* Assets.xcassets */ = {isa = PBXFileReference; lastKnownFileType = folder.assetcatalog; path = Assets.xcassets; sourceTree = "<group>"; };
		B6EFA2232B95E809002DAB24 /* Base */ = {isa = PBXFileReference; lastKnownFileType = file.storyboard; name = Base; path = Base.lproj/LaunchScreen.storyboard; sourceTree = "<group>"; };
		B6EFA2252B95E80A002DAB24 /* Info.plist */ = {isa = PBXFileReference; lastKnownFileType = text.plist.xml; path = Info.plist; sourceTree = "<group>"; };
		B6EFA22E2B95EAA2002DAB24 /* NetworkManager.swift */ = {isa = PBXFileReference; lastKnownFileType = sourcecode.swift; path = NetworkManager.swift; sourceTree = "<group>"; };
		B6EFA2302B974478002DAB24 /* Quote.swift */ = {isa = PBXFileReference; lastKnownFileType = sourcecode.swift; path = Quote.swift; sourceTree = "<group>"; };
		B6EFA2372B975E5F002DAB24 /* ResultViewController.swift */ = {isa = PBXFileReference; lastKnownFileType = sourcecode.swift; path = ResultViewController.swift; sourceTree = "<group>"; };
/* End PBXFileReference section */

/* Begin PBXFrameworksBuildPhase section */
		B6EFA2112B95E806002DAB24 /* Frameworks */ = {
			isa = PBXFrameworksBuildPhase;
			buildActionMask = 2147483647;
			files = (
				B6EFA22D2B95E8FD002DAB24 /* SnapKit in Frameworks */,
			);
			runOnlyForDeploymentPostprocessing = 0;
		};
/* End PBXFrameworksBuildPhase section */

/* Begin PBXGroup section */
		B6EFA20B2B95E806002DAB24 = {
			isa = PBXGroup;
			children = (
				B6EFA2162B95E806002DAB24 /* FindYourQuote */,
				B6EFA2152B95E806002DAB24 /* Products */,
			);
			sourceTree = "<group>";
		};
		B6EFA2152B95E806002DAB24 /* Products */ = {
			isa = PBXGroup;
			children = (
				B6EFA2142B95E806002DAB24 /* FindYourQuote.app */,
			);
			name = Products;
			sourceTree = "<group>";
		};
		B6EFA2162B95E806002DAB24 /* FindYourQuote */ = {
			isa = PBXGroup;
			children = (
				B6EFA2322B975BD3002DAB24 /* Application */,
				B6EFA2342B975BFD002DAB24 /* Model */,
				B6EFA2332B975BF1002DAB24 /* Controllers */,
				B6EFA2202B95E809002DAB24 /* Assets.xcassets */,
				B6EFA2252B95E80A002DAB24 /* Info.plist */,
			);
			path = FindYourQuote;
			sourceTree = "<group>";
		};
		B6EFA2322B975BD3002DAB24 /* Application */ = {
			isa = PBXGroup;
			children = (
				B6EFA2172B95E806002DAB24 /* AppDelegate.swift */,
				B6EFA2192B95E806002DAB24 /* SceneDelegate.swift */,
				B6EFA2222B95E809002DAB24 /* LaunchScreen.storyboard */,
			);
			path = Application;
			sourceTree = "<group>";
		};
		B6EFA2332B975BF1002DAB24 /* Controllers */ = {
			isa = PBXGroup;
			children = (
				B6EFA21B2B95E806002DAB24 /* SearchViewController.swift */,
				B6EFA2372B975E5F002DAB24 /* ResultViewController.swift */,
			);
			path = Controllers;
			sourceTree = "<group>";
		};
		B6EFA2342B975BFD002DAB24 /* Model */ = {
			isa = PBXGroup;
			children = (
				B6EFA22E2B95EAA2002DAB24 /* NetworkManager.swift */,
				B6EFA2302B974478002DAB24 /* Quote.swift */,
			);
			path = Model;
			sourceTree = "<group>";
		};
/* End PBXGroup section */

/* Begin PBXNativeTarget section */
		B6EFA2132B95E806002DAB24 /* FindYourQuote */ = {
			isa = PBXNativeTarget;
			buildConfigurationList = B6EFA2282B95E80A002DAB24 /* Build configuration list for PBXNativeTarget "FindYourQuote" */;
			buildPhases = (
				B6EFA2102B95E806002DAB24 /* Sources */,
				B6EFA2112B95E806002DAB24 /* Frameworks */,
				B6EFA2122B95E806002DAB24 /* Resources */,
			);
			buildRules = (
			);
			dependencies = (
			);
			name = FindYourQuote;
			packageProductDependencies = (
				B6EFA22C2B95E8FD002DAB24 /* SnapKit */,
			);
			productName = FindYourQuote;
			productReference = B6EFA2142B95E806002DAB24 /* FindYourQuote.app */;
			productType = "com.apple.product-type.application";
		};
/* End PBXNativeTarget section */

/* Begin PBXProject section */
		B6EFA20C2B95E806002DAB24 /* Project object */ = {
			isa = PBXProject;
			attributes = {
				BuildIndependentTargetsInParallel = 1;
				LastSwiftUpdateCheck = 1420;
				LastUpgradeCheck = 1420;
				TargetAttributes = {
					B6EFA2132B95E806002DAB24 = {
						CreatedOnToolsVersion = 14.2;
					};
				};
			};
			buildConfigurationList = B6EFA20F2B95E806002DAB24 /* Build configuration list for PBXProject "FindYourQuote" */;
			compatibilityVersion = "Xcode 14.0";
			developmentRegion = en;
			hasScannedForEncodings = 0;
			knownRegions = (
				en,
				Base,
			);
			mainGroup = B6EFA20B2B95E806002DAB24;
			packageReferences = (
				B6EFA22B2B95E8FD002DAB24 /* XCRemoteSwiftPackageReference "SnapKit" */,
			);
			productRefGroup = B6EFA2152B95E806002DAB24 /* Products */;
			projectDirPath = "";
			projectRoot = "";
			targets = (
				B6EFA2132B95E806002DAB24 /* FindYourQuote */,
			);
		};
/* End PBXProject section */

/* Begin PBXResourcesBuildPhase section */
		B6EFA2122B95E806002DAB24 /* Resources */ = {
			isa = PBXResourcesBuildPhase;
			buildActionMask = 2147483647;
			files = (
				B6EFA2242B95E809002DAB24 /* LaunchScreen.storyboard in Resources */,
				B6EFA2212B95E809002DAB24 /* Assets.xcassets in Resources */,
			);
			runOnlyForDeploymentPostprocessing = 0;
		};
/* End PBXResourcesBuildPhase section */

/* Begin PBXSourcesBuildPhase section */
		B6EFA2102B95E806002DAB24 /* Sources */ = {
			isa = PBXSourcesBuildPhase;
			buildActionMask = 2147483647;
			files = (
				B6EFA22F2B95EAA2002DAB24 /* NetworkManager.swift in Sources */,
				B6EFA21C2B95E806002DAB24 /* SearchViewController.swift in Sources */,
				B6EFA2182B95E806002DAB24 /* AppDelegate.swift in Sources */,
				B6EFA2312B974478002DAB24 /* Quote.swift in Sources */,
				B6EFA21A2B95E806002DAB24 /* SceneDelegate.swift in Sources */,
				B6EFA2382B975E5F002DAB24 /* ResultViewController.swift in Sources */,
			);
			runOnlyForDeploymentPostprocessing = 0;
		};
/* End PBXSourcesBuildPhase section */

/* Begin PBXVariantGroup section */
		B6EFA2222B95E809002DAB24 /* LaunchScreen.storyboard */ = {
			isa = PBXVariantGroup;
			children = (
				B6EFA2232B95E809002DAB24 /* Base */,
			);
			name = LaunchScreen.storyboard;
			sourceTree = "<group>";
		};
/* End PBXVariantGroup section */

/* Begin XCBuildConfiguration section */
		B6EFA2262B95E80A002DAB24 /* Debug */ = {
			isa = XCBuildConfiguration;
			buildSettings = {
				ALWAYS_SEARCH_USER_PATHS = NO;
				CLANG_ANALYZER_NONNULL = YES;
				CLANG_ANALYZER_NUMBER_OBJECT_CONVERSION = YES_AGGRESSIVE;
				CLANG_CXX_LANGUAGE_STANDARD = "gnu++20";
				CLANG_ENABLE_MODULES = YES;
				CLANG_ENABLE_OBJC_ARC = YES;
				CLANG_ENABLE_OBJC_WEAK = YES;
				CLANG_WARN_BLOCK_CAPTURE_AUTORELEASING = YES;
				CLANG_WARN_BOOL_CONVERSION = YES;
				CLANG_WARN_COMMA = YES;
				CLANG_WARN_CONSTANT_CONVERSION = YES;
				CLANG_WARN_DEPRECATED_OBJC_IMPLEMENTATIONS = YES;
				CLANG_WARN_DIRECT_OBJC_ISA_USAGE = YES_ERROR;
				CLANG_WARN_DOCUMENTATION_COMMENTS = YES;
				CLANG_WARN_EMPTY_BODY = YES;
				CLANG_WARN_ENUM_CONVERSION = YES;
				CLANG_WARN_INFINITE_RECURSION = YES;
				CLANG_WARN_INT_CONVERSION = YES;
				CLANG_WARN_NON_LITERAL_NULL_CONVERSION = YES;
				CLANG_WARN_OBJC_IMPLICIT_RETAIN_SELF = YES;
				CLANG_WARN_OBJC_LITERAL_CONVERSION = YES;
				CLANG_WARN_OBJC_ROOT_CLASS = YES_ERROR;
				CLANG_WARN_QUOTED_INCLUDE_IN_FRAMEWORK_HEADER = YES;
				CLANG_WARN_RANGE_LOOP_ANALYSIS = YES;
				CLANG_WARN_STRICT_PROTOTYPES = YES;
				CLANG_WARN_SUSPICIOUS_MOVE = YES;
				CLANG_WARN_UNGUARDED_AVAILABILITY = YES_AGGRESSIVE;
				CLANG_WARN_UNREACHABLE_CODE = YES;
				CLANG_WARN__DUPLICATE_METHOD_MATCH = YES;
				COPY_PHASE_STRIP = NO;
				DEBUG_INFORMATION_FORMAT = dwarf;
				ENABLE_STRICT_OBJC_MSGSEND = YES;
				ENABLE_TESTABILITY = YES;
				GCC_C_LANGUAGE_STANDARD = gnu11;
				GCC_DYNAMIC_NO_PIC = NO;
				GCC_NO_COMMON_BLOCKS = YES;
				GCC_OPTIMIZATION_LEVEL = 0;
				GCC_PREPROCESSOR_DEFINITIONS = (
					"DEBUG=1",
					"$(inherited)",
				);
				GCC_WARN_64_TO_32_BIT_CONVERSION = YES;
				GCC_WARN_ABOUT_RETURN_TYPE = YES_ERROR;
				GCC_WARN_UNDECLARED_SELECTOR = YES;
				GCC_WARN_UNINITIALIZED_AUTOS = YES_AGGRESSIVE;
				GCC_WARN_UNUSED_FUNCTION = YES;
				GCC_WARN_UNUSED_VARIABLE = YES;
				IPHONEOS_DEPLOYMENT_TARGET = 16.2;
				MTL_ENABLE_DEBUG_INFO = INCLUDE_SOURCE;
				MTL_FAST_MATH = YES;
				ONLY_ACTIVE_ARCH = YES;
				SDKROOT = iphoneos;
				SWIFT_ACTIVE_COMPILATION_CONDITIONS = DEBUG;
				SWIFT_OPTIMIZATION_LEVEL = "-Onone";
			};
			name = Debug;
		};
		B6EFA2272B95E80A002DAB24 /* Release */ = {
			isa = XCBuildConfiguration;
			buildSettings = {
				ALWAYS_SEARCH_USER_PATHS = NO;
				CLANG_ANALYZER_NONNULL = YES;
				CLANG_ANALYZER_NUMBER_OBJECT_CONVERSION = YES_AGGRESSIVE;
				CLANG_CXX_LANGUAGE_STANDARD = "gnu++20";
				CLANG_ENABLE_MODULES = YES;
				CLANG_ENABLE_OBJC_ARC = YES;
				CLANG_ENABLE_OBJC_WEAK = YES;
				CLANG_WARN_BLOCK_CAPTURE_AUTORELEASING = YES;
				CLANG_WARN_BOOL_CONVERSION = YES;
				CLANG_WARN_COMMA = YES;
				CLANG_WARN_CONSTANT_CONVERSION = YES;
				CLANG_WARN_DEPRECATED_OBJC_IMPLEMENTATIONS = YES;
				CLANG_WARN_DIRECT_OBJC_ISA_USAGE = YES_ERROR;
				CLANG_WARN_DOCUMENTATION_COMMENTS = YES;
				CLANG_WARN_EMPTY_BODY = YES;
				CLANG_WARN_ENUM_CONVERSION = YES;
				CLANG_WARN_INFINITE_RECURSION = YES;
				CLANG_WARN_INT_CONVERSION = YES;
				CLANG_WARN_NON_LITERAL_NULL_CONVERSION = YES;
				CLANG_WARN_OBJC_IMPLICIT_RETAIN_SELF = YES;
				CLANG_WARN_OBJC_LITERAL_CONVERSION = YES;
				CLANG_WARN_OBJC_ROOT_CLASS = YES_ERROR;
				CLANG_WARN_QUOTED_INCLUDE_IN_FRAMEWORK_HEADER = YES;
				CLANG_WARN_RANGE_LOOP_ANALYSIS = YES;
				CLANG_WARN_STRICT_PROTOTYPES = YES;
				CLANG_WARN_SUSPICIOUS_MOVE = YES;
				CLANG_WARN_UNGUARDED_AVAILABILITY = YES_AGGRESSIVE;
				CLANG_WARN_UNREACHABLE_CODE = YES;
				CLANG_WARN__DUPLICATE_METHOD_MATCH = YES;
				COPY_PHASE_STRIP = NO;
				DEBUG_INFORMATION_FORMAT = "dwarf-with-dsym";
				ENABLE_NS_ASSERTIONS = NO;
				ENABLE_STRICT_OBJC_MSGSEND = YES;
				GCC_C_LANGUAGE_STANDARD = gnu11;
				GCC_NO_COMMON_BLOCKS = YES;
				GCC_WARN_64_TO_32_BIT_CONVERSION = YES;
				GCC_WARN_ABOUT_RETURN_TYPE = YES_ERROR;
				GCC_WARN_UNDECLARED_SELECTOR = YES;
				GCC_WARN_UNINITIALIZED_AUTOS = YES_AGGRESSIVE;
				GCC_WARN_UNUSED_FUNCTION = YES;
				GCC_WARN_UNUSED_VARIABLE = YES;
				IPHONEOS_DEPLOYMENT_TARGET = 16.2;
				MTL_ENABLE_DEBUG_INFO = NO;
				MTL_FAST_MATH = YES;
				SDKROOT = iphoneos;
				SWIFT_COMPILATION_MODE = wholemodule;
				SWIFT_OPTIMIZATION_LEVEL = "-O";
				VALIDATE_PRODUCT = YES;
			};
			name = Release;
		};
		B6EFA2292B95E80A002DAB24 /* Debug */ = {
			isa = XCBuildConfiguration;
			buildSettings = {
				ASSETCATALOG_COMPILER_APPICON_NAME = AppIcon;
				ASSETCATALOG_COMPILER_GLOBAL_ACCENT_COLOR_NAME = AccentColor;
				CODE_SIGN_STYLE = Automatic;
				CURRENT_PROJECT_VERSION = 1;
				GENERATE_INFOPLIST_FILE = YES;
				INFOPLIST_FILE = FindYourQuote/Info.plist;
				INFOPLIST_KEY_UIApplicationSupportsIndirectInputEvents = YES;
				INFOPLIST_KEY_UILaunchStoryboardName = LaunchScreen;
				INFOPLIST_KEY_UISupportedInterfaceOrientations_iPad = "UIInterfaceOrientationPortrait UIInterfaceOrientationPortraitUpsideDown UIInterfaceOrientationLandscapeLeft UIInterfaceOrientationLandscapeRight";
				INFOPLIST_KEY_UISupportedInterfaceOrientations_iPhone = "UIInterfaceOrientationPortrait UIInterfaceOrientationLandscapeLeft UIInterfaceOrientationLandscapeRight";
				LD_RUNPATH_SEARCH_PATHS = (
					"$(inherited)",
					"@executable_path/Frameworks",
				);
				MARKETING_VERSION = 1.0;
				PRODUCT_BUNDLE_IDENTIFIER = abc.FindYourQuote;
				PRODUCT_NAME = "$(TARGET_NAME)";
				SWIFT_EMIT_LOC_STRINGS = YES;
				SWIFT_VERSION = 5.0;
				TARGETED_DEVICE_FAMILY = "1,2";
			};
			name = Debug;
		};
		B6EFA22A2B95E80A002DAB24 /* Release */ = {
			isa = XCBuildConfiguration;
			buildSettings = {
				ASSETCATALOG_COMPILER_APPICON_NAME = AppIcon;
				ASSETCATALOG_COMPILER_GLOBAL_ACCENT_COLOR_NAME = AccentColor;
				CODE_SIGN_STYLE = Automatic;
				CURRENT_PROJECT_VERSION = 1;
				GENERATE_INFOPLIST_FILE = YES;
				INFOPLIST_FILE = FindYourQuote/Info.plist;
				INFOPLIST_KEY_UIApplicationSupportsIndirectInputEvents = YES;
				INFOPLIST_KEY_UILaunchStoryboardName = LaunchScreen;
				INFOPLIST_KEY_UISupportedInterfaceOrientations_iPad = "UIInterfaceOrientationPortrait UIInterfaceOrientationPortraitUpsideDown UIInterfaceOrientationLandscapeLeft UIInterfaceOrientationLandscapeRight";
				INFOPLIST_KEY_UISupportedInterfaceOrientations_iPhone = "UIInterfaceOrientationPortrait UIInterfaceOrientationLandscapeLeft UIInterfaceOrientationLandscapeRight";
				LD_RUNPATH_SEARCH_PATHS = (
					"$(inherited)",
					"@executable_path/Frameworks",
				);
				MARKETING_VERSION = 1.0;
				PRODUCT_BUNDLE_IDENTIFIER = abc.FindYourQuote;
				PRODUCT_NAME = "$(TARGET_NAME)";
				SWIFT_EMIT_LOC_STRINGS = YES;
				SWIFT_VERSION = 5.0;
				TARGETED_DEVICE_FAMILY = "1,2";
			};
			name = Release;
		};
/* End XCBuildConfiguration section */

/* Begin XCConfigurationList section */
		B6EFA20F2B95E806002DAB24 /* Build configuration list for PBXProject "FindYourQuote" */ = {
			isa = XCConfigurationList;
			buildConfigurations = (
				B6EFA2262B95E80A002DAB24 /* Debug */,
				B6EFA2272B95E80A002DAB24 /* Release */,
			);
			defaultConfigurationIsVisible = 0;
			defaultConfigurationName = Release;
		};
		B6EFA2282B95E80A002DAB24 /* Build configuration list for PBXNativeTarget "FindYourQuote" */ = {
			isa = XCConfigurationList;
			buildConfigurations = (
				B6EFA2292B95E80A002DAB24 /* Debug */,
				B6EFA22A2B95E80A002DAB24 /* Release */,
			);
			defaultConfigurationIsVisible = 0;
			defaultConfigurationName = Release;
		};
/* End XCConfigurationList section */

/* Begin XCRemoteSwiftPackageReference section */
		B6EFA22B2B95E8FD002DAB24 /* XCRemoteSwiftPackageReference "SnapKit" */ = {
			isa = XCRemoteSwiftPackageReference;
			repositoryURL = "https://github.com/SnapKit/SnapKit.git";
			requirement = {
				kind = upToNextMajorVersion;
				minimumVersion = 5.0.0;
			};
		};
/* End XCRemoteSwiftPackageReference section */

/* Begin XCSwiftPackageProductDependency section */
		B6EFA22C2B95E8FD002DAB24 /* SnapKit */ = {
			isa = XCSwiftPackageProductDependency;
			package = B6EFA22B2B95E8FD002DAB24 /* XCRemoteSwiftPackageReference "SnapKit" */;
			productName = SnapKit;
		};
/* End XCSwiftPackageProductDependency section */
	};
	rootObject = B6EFA20C2B95E806002DAB24 /* Project object */;
}
